# This file was autogenerated by Stack.
# You should not edit this file by hand.
# For more information, please see the documentation at:
#   https://docs.haskellstack.org/en/stable/lock_files

packages:
- completed:
    hackage: template-haskell-2.14.0.0@sha256:e3747ae9e2aeec160196706dd470b5fc4175678ec4136bcec9124534f67d83bc,1724
    pantry-tree:
      size: 850
      sha256: f9b83407460047e23f730ac0d492ae80f86667a5ba15d3294e61d2aa147ec3d4
  original:
    hackage: template-haskell-2.14.0.0
- completed:
    hackage: containers-0.6.0.1@sha256:50024f330653c702a339f7743522b3c2a4fff9c6bf5a7071affe270da2ee649a,15843
    pantry-tree:
      size: 4933
      sha256: 9a33a9d98310bf01b0ee2dd041dfdaaabfcbc07547a4c60443678a22cb114299
  original:
    hackage: containers-0.6.0.1
- completed:
    hackage: HUnit-1.6.0.0@sha256:8014b27c884becd8041214a1ab263fa92244ca62700a911aff604a1047869298,1570
    pantry-tree:
      size: 878
      sha256: 270a6f8d6ef23eba3a9a1697aa244576abb168d10cb8e4736cf4add2b09eb650
  original:
    hackage: HUnit-1.6.0.0
- completed:
    hackage: QuickCheck-2.12.6.1@sha256:ce974f511174fbc3102bccb13d6d45781d327194f0311790b9f8db6a7cb1bab3,6336
    pantry-tree:
      size: 2046
      sha256: 1b9bf780a91762f07a63698d656234de0b68f5c8de760cc90153c01888730eb5
  original:
    hackage: QuickCheck-2.12.6.1
- completed:
    hackage: hspec-2.6.1@sha256:2abaa8bed30616e123c36745059b6f7bf3de3d52f7220b38939d04c0a805b7e9,1769
    pantry-tree:
      size: 532
      sha256: 75d147956a84025f73234eaa43b6b6f7a4099923c761505ace7a7938204012cc
  original:
    hackage: hspec-2.6.1
snapshots:
- completed:
    size: 497510
    url: https://raw.githubusercontent.com/commercialhaskell/stackage-snapshots/master/lts/13/16.yaml
    sha256: 3e56dd069db766f8e4c0a61ba49611e549c8b7757369fe1a063d1c33548790ac
  original: lts-13.16
